// !$*UTF8*$!
{
	archiveVersion = 1;
	classes = {
	};
	objectVersion = 56;
	objects = {

/* Begin PBXBuildFile section */
		7CABE8B02BD18D3000A63F3B /* whatsapp_cloneApp.swift in Sources */ = {isa = PBXBuildFile; fileRef = 7CABE8AF2BD18D3000A63F3B /* whatsapp_cloneApp.swift */; };
		7CABE8B42BD18D3200A63F3B /* Assets.xcassets in Resources */ = {isa = PBXBuildFile; fileRef = 7CABE8B32BD18D3200A63F3B /* Assets.xcassets */; };
		7CABE8B72BD18D3200A63F3B /* Preview Assets.xcassets in Resources */ = {isa = PBXBuildFile; fileRef = 7CABE8B62BD18D3200A63F3B /* Preview Assets.xcassets */; };
		7CABE8CD2BD1911100A63F3B /* MainTabView.swift in Sources */ = {isa = PBXBuildFile; fileRef = 7CABE8CC2BD1911100A63F3B /* MainTabView.swift */; };
		7CABE8CF2BD192DE00A63F3B /* TabItem.swift in Sources */ = {isa = PBXBuildFile; fileRef = 7CABE8CE2BD192DE00A63F3B /* TabItem.swift */; };
		7CABE8D12BD2AE2500A63F3B /* InboxView.swift in Sources */ = {isa = PBXBuildFile; fileRef = 7CABE8D02BD2AE2500A63F3B /* InboxView.swift */; };
		7CABE8D42BD2B32000A63F3B /* ChatHeaderView.swift in Sources */ = {isa = PBXBuildFile; fileRef = 7CABE8D32BD2B32000A63F3B /* ChatHeaderView.swift */; };
		7CABE8D82BD2B7F600A63F3B /* NewMessageButtonStyle.swift in Sources */ = {isa = PBXBuildFile; fileRef = 7CABE8D72BD2B7F600A63F3B /* NewMessageButtonStyle.swift */; };
		7CABE8DB2BD5791200A63F3B /* CircularProfileImageView.swift in Sources */ = {isa = PBXBuildFile; fileRef = 7CABE8DA2BD5791200A63F3B /* CircularProfileImageView.swift */; };
		7CABE8DD2BD579A800A63F3B /* ProfileImageSize.swift in Sources */ = {isa = PBXBuildFile; fileRef = 7CABE8DC2BD579A800A63F3B /* ProfileImageSize.swift */; };
		7CABE8DF2BD57A4800A63F3B /* User.swift in Sources */ = {isa = PBXBuildFile; fileRef = 7CABE8DE2BD57A4800A63F3B /* User.swift */; };
/* End PBXBuildFile section */

/* Begin PBXFileReference section */
		7CABE8AC2BD18D3000A63F3B /* whatsapp-clone.app */ = {isa = PBXFileReference; explicitFileType = wrapper.application; includeInIndex = 0; path = "whatsapp-clone.app"; sourceTree = BUILT_PRODUCTS_DIR; };
		7CABE8AF2BD18D3000A63F3B /* whatsapp_cloneApp.swift */ = {isa = PBXFileReference; lastKnownFileType = sourcecode.swift; path = whatsapp_cloneApp.swift; sourceTree = "<group>"; };
		7CABE8B32BD18D3200A63F3B /* Assets.xcassets */ = {isa = PBXFileReference; lastKnownFileType = folder.assetcatalog; path = Assets.xcassets; sourceTree = "<group>"; };
		7CABE8B62BD18D3200A63F3B /* Preview Assets.xcassets */ = {isa = PBXFileReference; lastKnownFileType = folder.assetcatalog; path = "Preview Assets.xcassets"; sourceTree = "<group>"; };
		7CABE8CC2BD1911100A63F3B /* MainTabView.swift */ = {isa = PBXFileReference; lastKnownFileType = sourcecode.swift; path = MainTabView.swift; sourceTree = "<group>"; };
		7CABE8CE2BD192DE00A63F3B /* TabItem.swift */ = {isa = PBXFileReference; lastKnownFileType = sourcecode.swift; path = TabItem.swift; sourceTree = "<group>"; };
		7CABE8D02BD2AE2500A63F3B /* InboxView.swift */ = {isa = PBXFileReference; lastKnownFileType = sourcecode.swift; path = InboxView.swift; sourceTree = "<group>"; };
		7CABE8D32BD2B32000A63F3B /* ChatHeaderView.swift */ = {isa = PBXFileReference; lastKnownFileType = sourcecode.swift; path = ChatHeaderView.swift; sourceTree = "<group>"; };
		7CABE8D72BD2B7F600A63F3B /* NewMessageButtonStyle.swift */ = {isa = PBXFileReference; lastKnownFileType = sourcecode.swift; path = NewMessageButtonStyle.swift; sourceTree = "<group>"; };
		7CABE8DA2BD5791200A63F3B /* CircularProfileImageView.swift */ = {isa = PBXFileReference; lastKnownFileType = sourcecode.swift; path = CircularProfileImageView.swift; sourceTree = "<group>"; };
		7CABE8DC2BD579A800A63F3B /* ProfileImageSize.swift */ = {isa = PBXFileReference; lastKnownFileType = sourcecode.swift; path = ProfileImageSize.swift; sourceTree = "<group>"; };
		7CABE8DE2BD57A4800A63F3B /* User.swift */ = {isa = PBXFileReference; lastKnownFileType = sourcecode.swift; path = User.swift; sourceTree = "<group>"; };
/* End PBXFileReference section */

/* Begin PBXFrameworksBuildPhase section */
		7CABE8A92BD18D3000A63F3B /* Frameworks */ = {
			isa = PBXFrameworksBuildPhase;
			buildActionMask = 2147483647;
			files = (
			);
			runOnlyForDeploymentPostprocessing = 0;
		};
/* End PBXFrameworksBuildPhase section */

/* Begin PBXGroup section */
		7CABE8A32BD18D3000A63F3B = {
			isa = PBXGroup;
			children = (
				7CABE8AE2BD18D3000A63F3B /* whatsapp-clone */,
				7CABE8AD2BD18D3000A63F3B /* Products */,
			);
			sourceTree = "<group>";
		};
		7CABE8AD2BD18D3000A63F3B /* Products */ = {
			isa = PBXGroup;
			children = (
				7CABE8AC2BD18D3000A63F3B /* whatsapp-clone.app */,
			);
			name = Products;
			sourceTree = "<group>";
		};
		7CABE8AE2BD18D3000A63F3B /* whatsapp-clone */ = {
			isa = PBXGroup;
			children = (
				7CABE8C12BD18E4E00A63F3B /* App */,
				7CABE8C02BD18E4C00A63F3B /* Core */,
				7CABE8BF2BD18E4900A63F3B /* Model */,
				7CABE8BE2BD18E4600A63F3B /* Service */,
				7CABE8BD2BD18E4300A63F3B /* Utils */,
				7CABE8B32BD18D3200A63F3B /* Assets.xcassets */,
				7CABE8B52BD18D3200A63F3B /* Preview Content */,
			);
			path = "whatsapp-clone";
			sourceTree = "<group>";
		};
		7CABE8B52BD18D3200A63F3B /* Preview Content */ = {
			isa = PBXGroup;
			children = (
				7CABE8B62BD18D3200A63F3B /* Preview Assets.xcassets */,
			);
			path = "Preview Content";
			sourceTree = "<group>";
		};
		7CABE8BD2BD18E4300A63F3B /* Utils */ = {
			isa = PBXGroup;
			children = (
				7CABE8CB2BD18F2200A63F3B /* Plist */,
			);
			path = Utils;
			sourceTree = "<group>";
		};
		7CABE8BE2BD18E4600A63F3B /* Service */ = {
			isa = PBXGroup;
			children = (
			);
			path = Service;
			sourceTree = "<group>";
		};
		7CABE8BF2BD18E4900A63F3B /* Model */ = {
			isa = PBXGroup;
			children = (
				7CABE8DE2BD57A4800A63F3B /* User.swift */,
			);
			path = Model;
			sourceTree = "<group>";
		};
		7CABE8C02BD18E4C00A63F3B /* Core */ = {
			isa = PBXGroup;
			children = (
				7CABE8CA2BD18E9800A63F3B /* Authentication */,
				7CABE8C92BD18E9400A63F3B /* Components */,
				7CABE8C82BD18E9200A63F3B /* Chat */,
				7CABE8C72BD18E8F00A63F3B /* Inbox */,
				7CABE8C62BD18E8D00A63F3B /* New Message */,
				7CABE8C52BD18E8B00A63F3B /* Profile */,
				7CABE8C42BD18E8800A63F3B /* Root */,
				7CABE8C32BD18E8500A63F3B /* Settings */,
				7CABE8C22BD18E8300A63F3B /* Tab bar */,
			);
			path = Core;
			sourceTree = "<group>";
		};
		7CABE8C12BD18E4E00A63F3B /* App */ = {
			isa = PBXGroup;
			children = (
				7CABE8AF2BD18D3000A63F3B /* whatsapp_cloneApp.swift */,
			);
			path = App;
			sourceTree = "<group>";
		};
		7CABE8C22BD18E8300A63F3B /* Tab bar */ = {
			isa = PBXGroup;
			children = (
				7CABE8CC2BD1911100A63F3B /* MainTabView.swift */,
				7CABE8CE2BD192DE00A63F3B /* TabItem.swift */,
			);
			path = "Tab bar";
			sourceTree = "<group>";
		};
		7CABE8C32BD18E8500A63F3B /* Settings */ = {
			isa = PBXGroup;
			children = (
			);
			path = Settings;
			sourceTree = "<group>";
		};
		7CABE8C42BD18E8800A63F3B /* Root */ = {
			isa = PBXGroup;
			children = (
			);
			path = Root;
			sourceTree = "<group>";
		};
		7CABE8C52BD18E8B00A63F3B /* Profile */ = {
			isa = PBXGroup;
			children = (
			);
			path = Profile;
			sourceTree = "<group>";
		};
		7CABE8C62BD18E8D00A63F3B /* New Message */ = {
			isa = PBXGroup;
			children = (
			);
			path = "New Message";
			sourceTree = "<group>";
		};
		7CABE8C72BD18E8F00A63F3B /* Inbox */ = {
			isa = PBXGroup;
			children = (
				7CABE8D62BD2B7EA00A63F3B /* Styles */,
				7CABE8D22BD2B26C00A63F3B /* View */,
			);
			path = Inbox;
			sourceTree = "<group>";
		};
		7CABE8C82BD18E9200A63F3B /* Chat */ = {
			isa = PBXGroup;
			children = (
			);
			path = Chat;
			sourceTree = "<group>";
		};
		7CABE8C92BD18E9400A63F3B /* Components */ = {
			isa = PBXGroup;
			children = (
				7CABE8D92BD5790A00A63F3B /* View */,
			);
			path = Components;
			sourceTree = "<group>";
		};
		7CABE8CA2BD18E9800A63F3B /* Authentication */ = {
			isa = PBXGroup;
			children = (
			);
			path = Authentication;
			sourceTree = "<group>";
		};
		7CABE8CB2BD18F2200A63F3B /* Plist */ = {
			isa = PBXGroup;
			children = (
			);
			path = Plist;
			sourceTree = "<group>";
		};
		7CABE8D22BD2B26C00A63F3B /* View */ = {
			isa = PBXGroup;
			children = (
				7CABE8D02BD2AE2500A63F3B /* InboxView.swift */,
				7CABE8D32BD2B32000A63F3B /* ChatHeaderView.swift */,
			);
			path = View;
			sourceTree = "<group>";
		};
		7CABE8D62BD2B7EA00A63F3B /* Styles */ = {
			isa = PBXGroup;
			children = (
				7CABE8D72BD2B7F600A63F3B /* NewMessageButtonStyle.swift */,
			);
			path = Styles;
			sourceTree = "<group>";
		};
		7CABE8D92BD5790A00A63F3B /* View */ = {
			isa = PBXGroup;
			children = (
				7CABE8DA2BD5791200A63F3B /* CircularProfileImageView.swift */,
				7CABE8DC2BD579A800A63F3B /* ProfileImageSize.swift */,
			);
			path = View;
			sourceTree = "<group>";
		};
/* End PBXGroup section */

/* Begin PBXNativeTarget section */
		7CABE8AB2BD18D3000A63F3B /* whatsapp-clone */ = {
			isa = PBXNativeTarget;
			buildConfigurationList = 7CABE8BA2BD18D3200A63F3B /* Build configuration list for PBXNativeTarget "whatsapp-clone" */;
			buildPhases = (
				7CABE8A82BD18D3000A63F3B /* Sources */,
				7CABE8A92BD18D3000A63F3B /* Frameworks */,
				7CABE8AA2BD18D3000A63F3B /* Resources */,
			);
			buildRules = (
			);
			dependencies = (
			);
			name = "whatsapp-clone";
			productName = "whatsapp-clone";
			productReference = 7CABE8AC2BD18D3000A63F3B /* whatsapp-clone.app */;
			productType = "com.apple.product-type.application";
		};
/* End PBXNativeTarget section */

/* Begin PBXProject section */
		7CABE8A42BD18D3000A63F3B /* Project object */ = {
			isa = PBXProject;
			attributes = {
				BuildIndependentTargetsInParallel = 1;
				LastSwiftUpdateCheck = 1530;
				LastUpgradeCheck = 1530;
				TargetAttributes = {
					7CABE8AB2BD18D3000A63F3B = {
						CreatedOnToolsVersion = 15.3;
					};
				};
			};
			buildConfigurationList = 7CABE8A72BD18D3000A63F3B /* Build configuration list for PBXProject "whatsapp-clone" */;
			compatibilityVersion = "Xcode 14.0";
			developmentRegion = en;
			hasScannedForEncodings = 0;
			knownRegions = (
				en,
				Base,
			);
			mainGroup = 7CABE8A32BD18D3000A63F3B;
			productRefGroup = 7CABE8AD2BD18D3000A63F3B /* Products */;
			projectDirPath = "";
			projectRoot = "";
			targets = (
				7CABE8AB2BD18D3000A63F3B /* whatsapp-clone */,
			);
		};
/* End PBXProject section */

/* Begin PBXResourcesBuildPhase section */
		7CABE8AA2BD18D3000A63F3B /* Resources */ = {
			isa = PBXResourcesBuildPhase;
			buildActionMask = 2147483647;
			files = (
				7CABE8B72BD18D3200A63F3B /* Preview Assets.xcassets in Resources */,
				7CABE8B42BD18D3200A63F3B /* Assets.xcassets in Resources */,
			);
			runOnlyForDeploymentPostprocessing = 0;
		};
/* End PBXResourcesBuildPhase section */

/* Begin PBXSourcesBuildPhase section */
		7CABE8A82BD18D3000A63F3B /* Sources */ = {
			isa = PBXSourcesBuildPhase;
			buildActionMask = 2147483647;
			files = (
				7CABE8DD2BD579A800A63F3B /* ProfileImageSize.swift in Sources */,
				7CABE8DB2BD5791200A63F3B /* CircularProfileImageView.swift in Sources */,
				7CABE8D82BD2B7F600A63F3B /* NewMessageButtonStyle.swift in Sources */,
				7CABE8D42BD2B32000A63F3B /* ChatHeaderView.swift in Sources */,
				7CABE8D12BD2AE2500A63F3B /* InboxView.swift in Sources */,
				7CABE8DF2BD57A4800A63F3B /* User.swift in Sources */,
				7CABE8B02BD18D3000A63F3B /* whatsapp_cloneApp.swift in Sources */,
				7CABE8CF2BD192DE00A63F3B /* TabItem.swift in Sources */,
				7CABE8CD2BD1911100A63F3B /* MainTabView.swift in Sources */,
			);
			runOnlyForDeploymentPostprocessing = 0;
		};
/* End PBXSourcesBuildPhase section */

/* Begin XCBuildConfiguration section */
		7CABE8B82BD18D3200A63F3B /* Debug */ = {
			isa = XCBuildConfiguration;
			buildSettings = {
				ALWAYS_SEARCH_USER_PATHS = NO;
				ASSETCATALOG_COMPILER_GENERATE_SWIFT_ASSET_SYMBOL_EXTENSIONS = YES;
				CLANG_ANALYZER_NONNULL = YES;
				CLANG_ANALYZER_NUMBER_OBJECT_CONVERSION = YES_AGGRESSIVE;
				CLANG_CXX_LANGUAGE_STANDARD = "gnu++20";
				CLANG_ENABLE_MODULES = YES;
				CLANG_ENABLE_OBJC_ARC = YES;
				CLANG_ENABLE_OBJC_WEAK = YES;
				CLANG_WARN_BLOCK_CAPTURE_AUTORELEASING = YES;
				CLANG_WARN_BOOL_CONVERSION = YES;
				CLANG_WARN_COMMA = YES;
				CLANG_WARN_CONSTANT_CONVERSION = YES;
				CLANG_WARN_DEPRECATED_OBJC_IMPLEMENTATIONS = YES;
				CLANG_WARN_DIRECT_OBJC_ISA_USAGE = YES_ERROR;
				CLANG_WARN_DOCUMENTATION_COMMENTS = YES;
				CLANG_WARN_EMPTY_BODY = YES;
				CLANG_WARN_ENUM_CONVERSION = YES;
				CLANG_WARN_INFINITE_RECURSION = YES;
				CLANG_WARN_INT_CONVERSION = YES;
				CLANG_WARN_NON_LITERAL_NULL_CONVERSION = YES;
				CLANG_WARN_OBJC_IMPLICIT_RETAIN_SELF = YES;
				CLANG_WARN_OBJC_LITERAL_CONVERSION = YES;
				CLANG_WARN_OBJC_ROOT_CLASS = YES_ERROR;
				CLANG_WARN_QUOTED_INCLUDE_IN_FRAMEWORK_HEADER = YES;
				CLANG_WARN_RANGE_LOOP_ANALYSIS = YES;
				CLANG_WARN_STRICT_PROTOTYPES = YES;
				CLANG_WARN_SUSPICIOUS_MOVE = YES;
				CLANG_WARN_UNGUARDED_AVAILABILITY = YES_AGGRESSIVE;
				CLANG_WARN_UNREACHABLE_CODE = YES;
				CLANG_WARN__DUPLICATE_METHOD_MATCH = YES;
				COPY_PHASE_STRIP = NO;
				DEBUG_INFORMATION_FORMAT = dwarf;
				ENABLE_STRICT_OBJC_MSGSEND = YES;
				ENABLE_TESTABILITY = YES;
				ENABLE_USER_SCRIPT_SANDBOXING = YES;
				GCC_C_LANGUAGE_STANDARD = gnu17;
				GCC_DYNAMIC_NO_PIC = NO;
				GCC_NO_COMMON_BLOCKS = YES;
				GCC_OPTIMIZATION_LEVEL = 0;
				GCC_PREPROCESSOR_DEFINITIONS = (
					"DEBUG=1",
					"$(inherited)",
				);
				GCC_WARN_64_TO_32_BIT_CONVERSION = YES;
				GCC_WARN_ABOUT_RETURN_TYPE = YES_ERROR;
				GCC_WARN_UNDECLARED_SELECTOR = YES;
				GCC_WARN_UNINITIALIZED_AUTOS = YES_AGGRESSIVE;
				GCC_WARN_UNUSED_FUNCTION = YES;
				GCC_WARN_UNUSED_VARIABLE = YES;
				IPHONEOS_DEPLOYMENT_TARGET = 17.4;
				LOCALIZATION_PREFERS_STRING_CATALOGS = YES;
				MTL_ENABLE_DEBUG_INFO = INCLUDE_SOURCE;
				MTL_FAST_MATH = YES;
				ONLY_ACTIVE_ARCH = YES;
				SDKROOT = iphoneos;
				SWIFT_ACTIVE_COMPILATION_CONDITIONS = "DEBUG $(inherited)";
				SWIFT_OPTIMIZATION_LEVEL = "-Onone";
			};
			name = Debug;
		};
		7CABE8B92BD18D3200A63F3B /* Release */ = {
			isa = XCBuildConfiguration;
			buildSettings = {
				ALWAYS_SEARCH_USER_PATHS = NO;
				ASSETCATALOG_COMPILER_GENERATE_SWIFT_ASSET_SYMBOL_EXTENSIONS = YES;
				CLANG_ANALYZER_NONNULL = YES;
				CLANG_ANALYZER_NUMBER_OBJECT_CONVERSION = YES_AGGRESSIVE;
				CLANG_CXX_LANGUAGE_STANDARD = "gnu++20";
				CLANG_ENABLE_MODULES = YES;
				CLANG_ENABLE_OBJC_ARC = YES;
				CLANG_ENABLE_OBJC_WEAK = YES;
				CLANG_WARN_BLOCK_CAPTURE_AUTORELEASING = YES;
				CLANG_WARN_BOOL_CONVERSION = YES;
				CLANG_WARN_COMMA = YES;
				CLANG_WARN_CONSTANT_CONVERSION = YES;
				CLANG_WARN_DEPRECATED_OBJC_IMPLEMENTATIONS = YES;
				CLANG_WARN_DIRECT_OBJC_ISA_USAGE = YES_ERROR;
				CLANG_WARN_DOCUMENTATION_COMMENTS = YES;
				CLANG_WARN_EMPTY_BODY = YES;
				CLANG_WARN_ENUM_CONVERSION = YES;
				CLANG_WARN_INFINITE_RECURSION = YES;
				CLANG_WARN_INT_CONVERSION = YES;
				CLANG_WARN_NON_LITERAL_NULL_CONVERSION = YES;
				CLANG_WARN_OBJC_IMPLICIT_RETAIN_SELF = YES;
				CLANG_WARN_OBJC_LITERAL_CONVERSION = YES;
				CLANG_WARN_OBJC_ROOT_CLASS = YES_ERROR;
				CLANG_WARN_QUOTED_INCLUDE_IN_FRAMEWORK_HEADER = YES;
				CLANG_WARN_RANGE_LOOP_ANALYSIS = YES;
				CLANG_WARN_STRICT_PROTOTYPES = YES;
				CLANG_WARN_SUSPICIOUS_MOVE = YES;
				CLANG_WARN_UNGUARDED_AVAILABILITY = YES_AGGRESSIVE;
				CLANG_WARN_UNREACHABLE_CODE = YES;
				CLANG_WARN__DUPLICATE_METHOD_MATCH = YES;
				COPY_PHASE_STRIP = NO;
				DEBUG_INFORMATION_FORMAT = "dwarf-with-dsym";
				ENABLE_NS_ASSERTIONS = NO;
				ENABLE_STRICT_OBJC_MSGSEND = YES;
				ENABLE_USER_SCRIPT_SANDBOXING = YES;
				GCC_C_LANGUAGE_STANDARD = gnu17;
				GCC_NO_COMMON_BLOCKS = YES;
				GCC_WARN_64_TO_32_BIT_CONVERSION = YES;
				GCC_WARN_ABOUT_RETURN_TYPE = YES_ERROR;
				GCC_WARN_UNDECLARED_SELECTOR = YES;
				GCC_WARN_UNINITIALIZED_AUTOS = YES_AGGRESSIVE;
				GCC_WARN_UNUSED_FUNCTION = YES;
				GCC_WARN_UNUSED_VARIABLE = YES;
				IPHONEOS_DEPLOYMENT_TARGET = 17.4;
				LOCALIZATION_PREFERS_STRING_CATALOGS = YES;
				MTL_ENABLE_DEBUG_INFO = NO;
				MTL_FAST_MATH = YES;
				SDKROOT = iphoneos;
				SWIFT_COMPILATION_MODE = wholemodule;
				VALIDATE_PRODUCT = YES;
			};
			name = Release;
		};
		7CABE8BB2BD18D3200A63F3B /* Debug */ = {
			isa = XCBuildConfiguration;
			buildSettings = {
				ASSETCATALOG_COMPILER_APPICON_NAME = AppIcon;
				ASSETCATALOG_COMPILER_GLOBAL_ACCENT_COLOR_NAME = AccentColor;
				CODE_SIGN_STYLE = Automatic;
				CURRENT_PROJECT_VERSION = 1;
				DEVELOPMENT_ASSET_PATHS = "\"whatsapp-clone/Preview Content\"";
				DEVELOPMENT_TEAM = ATK7X87JFN;
				ENABLE_PREVIEWS = YES;
				GENERATE_INFOPLIST_FILE = YES;
				INFOPLIST_KEY_UIApplicationSceneManifest_Generation = YES;
				INFOPLIST_KEY_UIApplicationSupportsIndirectInputEvents = YES;
				INFOPLIST_KEY_UILaunchScreen_Generation = YES;
				INFOPLIST_KEY_UISupportedInterfaceOrientations_iPad = "UIInterfaceOrientationPortrait UIInterfaceOrientationPortraitUpsideDown UIInterfaceOrientationLandscapeLeft UIInterfaceOrientationLandscapeRight";
				INFOPLIST_KEY_UISupportedInterfaceOrientations_iPhone = "UIInterfaceOrientationPortrait UIInterfaceOrientationLandscapeLeft UIInterfaceOrientationLandscapeRight";
				LD_RUNPATH_SEARCH_PATHS = (
					"$(inherited)",
					"@executable_path/Frameworks",
				);
				MARKETING_VERSION = 1.0;
				PRODUCT_BUNDLE_IDENTIFIER = "com.tutorial.whatsapp-clone";
				PRODUCT_NAME = "$(TARGET_NAME)";
				SWIFT_EMIT_LOC_STRINGS = YES;
				SWIFT_VERSION = 5.0;
				TARGETED_DEVICE_FAMILY = "1,2";
			};
			name = Debug;
		};
		7CABE8BC2BD18D3200A63F3B /* Release */ = {
			isa = XCBuildConfiguration;
			buildSettings = {
				ASSETCATALOG_COMPILER_APPICON_NAME = AppIcon;
				ASSETCATALOG_COMPILER_GLOBAL_ACCENT_COLOR_NAME = AccentColor;
				CODE_SIGN_STYLE = Automatic;
				CURRENT_PROJECT_VERSION = 1;
				DEVELOPMENT_ASSET_PATHS = "\"whatsapp-clone/Preview Content\"";
				DEVELOPMENT_TEAM = ATK7X87JFN;
				ENABLE_PREVIEWS = YES;
				GENERATE_INFOPLIST_FILE = YES;
				INFOPLIST_KEY_UIApplicationSceneManifest_Generation = YES;
				INFOPLIST_KEY_UIApplicationSupportsIndirectInputEvents = YES;
				INFOPLIST_KEY_UILaunchScreen_Generation = YES;
				INFOPLIST_KEY_UISupportedInterfaceOrientations_iPad = "UIInterfaceOrientationPortrait UIInterfaceOrientationPortraitUpsideDown UIInterfaceOrientationLandscapeLeft UIInterfaceOrientationLandscapeRight";
				INFOPLIST_KEY_UISupportedInterfaceOrientations_iPhone = "UIInterfaceOrientationPortrait UIInterfaceOrientationLandscapeLeft UIInterfaceOrientationLandscapeRight";
				LD_RUNPATH_SEARCH_PATHS = (
					"$(inherited)",
					"@executable_path/Frameworks",
				);
				MARKETING_VERSION = 1.0;
				PRODUCT_BUNDLE_IDENTIFIER = "com.tutorial.whatsapp-clone";
				PRODUCT_NAME = "$(TARGET_NAME)";
				SWIFT_EMIT_LOC_STRINGS = YES;
				SWIFT_VERSION = 5.0;
				TARGETED_DEVICE_FAMILY = "1,2";
			};
			name = Release;
		};
/* End XCBuildConfiguration section */

/* Begin XCConfigurationList section */
		7CABE8A72BD18D3000A63F3B /* Build configuration list for PBXProject "whatsapp-clone" */ = {
			isa = XCConfigurationList;
			buildConfigurations = (
				7CABE8B82BD18D3200A63F3B /* Debug */,
				7CABE8B92BD18D3200A63F3B /* Release */,
			);
			defaultConfigurationIsVisible = 0;
			defaultConfigurationName = Release;
		};
		7CABE8BA2BD18D3200A63F3B /* Build configuration list for PBXNativeTarget "whatsapp-clone" */ = {
			isa = XCConfigurationList;
			buildConfigurations = (
				7CABE8BB2BD18D3200A63F3B /* Debug */,
				7CABE8BC2BD18D3200A63F3B /* Release */,
			);
			defaultConfigurationIsVisible = 0;
			defaultConfigurationName = Release;
		};
/* End XCConfigurationList section */
	};
	rootObject = 7CABE8A42BD18D3000A63F3B /* Project object */;
}
